{
  "requires": true,
  "lockfileVersion": 1,
  "dependencies": {
    "asap": {
      "version": "2.0.6",
      "resolved": "http://10.1.2.69:4873/asap/-/asap-2.0.6.tgz",
      "integrity": "sha1-5QNHYR1+aQlDIIu9r+vLwvuGbUY=",
      "optional": true
    },
    "errno": {
      "version": "0.1.4",
      "resolved": "http://10.1.2.69:4873/errno/-/errno-0.1.4.tgz",
      "integrity": "sha1-uJbiOp5ei6M4cfyZar02NfyaHH0=",
      "optional": true,
      "requires": {
        "prr": "0.0.0"
      }
    },
    "graceful-fs": {
      "version": "4.1.11",
      "resolved": "http://10.1.2.69:4873/graceful-fs/-/graceful-fs-4.1.11.tgz",
      "integrity": "sha1-Dovf5NHduIVNZOBOp8AOKgJuVlg=",
      "optional": true
    },
    "image-size": {
      "version": "0.5.5",
      "resolved": "http://10.1.2.69:4873/image-size/-/image-size-0.5.5.tgz",
      "integrity": "sha1-Cd/Uq50g4p6xw+gLiZA3jfnjy5w=",
      "optional": true
    },
    "less": {
      "version": "3.0.0-alpha.3",
      "resolved": "http://10.1.2.69:4873/less/-/less-3.0.0-alpha.3.tgz",
      "integrity": "sha1-09qSNP0W5gpH1ikedy5lqEHshBA=",
      "requires": {
        "errno": "0.1.4",
        "graceful-fs": "4.1.11",
        "image-size": "0.5.5",
        "mime": "1.4.1",
        "mkdirp": "0.5.1",
        "promise": "7.3.1",
        "source-map": "0.5.7"
      }
    },
    "mime": {
      "version": "1.4.1",
      "resolved": "http://10.1.2.69:4873/mime/-/mime-1.4.1.tgz",
      "integrity": "sha1-Eh+evEnjdm8xGnbh+hyAA8SwOqY=",
      "optional": true
    },
    "minimist": {
      "version": "0.0.8",
      "resolved": "http://10.1.2.69:4873/minimist/-/minimist-0.0.8.tgz",
      "integrity": "sha1-hX/Kv8M5fSYluCKCYuhqp6ARsF0=",
      "optional": true
    },
    "mkdirp": {
      "version": "0.5.1",
      "resolved": "http://10.1.2.69:4873/mkdirp/-/mkdirp-0.5.1.tgz",
      "integrity": "sha1-MAV0OOrGz3+MR2fzhkjWaX11yQM=",
      "optional": true,
      "requires": {
        "minimist": "0.0.8"
      }
    },
    "promise": {
      "version": "7.3.1",
      "resolved": "http://10.1.2.69:4873/promise/-/promise-7.3.1.tgz",
      "integrity": "sha1-BktyYCsY+Q8pGSuLG8QY/9Hr078=",
      "optional": true,
      "requires": {
        "asap": "2.0.6"
      }
    },
    "prr": {
      "version": "0.0.0",
      "resolved": "http://10.1.2.69:4873/prr/-/prr-0.0.0.tgz",
      "integrity": "sha1-GoS4WQgyVQFBGFPQCB7j+obikmo=",
      "optional": true
    },
    "source-map": {
      "version": "0.5.7",
      "resolved": "http://10.1.2.69:4873/source-map/-/source-map-0.5.7.tgz",
      "integrity": "sha1-igOdLRAh0i0eoUyA2OpGi6LvP8w=",
      "optional": true
    }
  }
}
